{
  "name": "paymentrequestbridge",
  "version": "1.0.0",
  "lockfileVersion": 1,
  "requires": true,
  "dependencies": {
    "comlinkjs": {
      "version": "3.0.3",
      "resolved": "https://registry.npmjs.org/comlinkjs/-/comlinkjs-3.0.3.tgz",
      "integrity": "sha512-FN2s2DVXYaSvYYPGyl+cDD2b6S9i+cyqBndKW2qd63G1kL9blX7uwf+OAQE9xabB+ciTlIV/jDoquVImeb5tJg=="
    }
  }
}
